{
  "requires": true,
  "lockfileVersion": 1,
  "dependencies": {
    "client-zip": {
      "version": "2.0.0",
      "resolved": "https://registry.npmjs.org/client-zip/-/client-zip-2.0.0.tgz",
      "integrity": "sha512-JFd4zdhxk5F01NmNnBq3+iMgJkkh0ku9NsI1wZlUjZ52inPJX92vR5TlSkjxRhmHJBPI7YqanD71wDEiKhdWtw=="
    }
  }
}
